
Microsoft Visual Studio Solution File, Format Version 12.00
# Visual Studio Version 17
VisualStudioVersion = 17.10.35013.160
MinimumVisualStudioVersion = 10.0.40219.1
Project("{FAE04EC0-301F-11D3-BF4B-00C04F79EFBC}") = "WebApi8-CarsApp", "WebApi8-CarsApp\WebApi8-CarsApp.csproj", "{EE2C85F3-B7E2-4E59-A2B8-57A79233C202}"
EndProject
Global
	GlobalSection(SolutionConfigurationPlatforms) = preSolution
		Debug|Any CPU = Debug|Any CPU
		Release|Any CPU = Release|Any CPU
	EndGlobalSection
	GlobalSection(ProjectConfigurationPlatforms) = postSolution
		{EE2C85F3-B7E2-4E59-A2B8-57A79233C202}.Debug|Any CPU.ActiveCfg = Debug|Any CPU
		{EE2C85F3-B7E2-4E59-A2B8-57A79233C202}.Debug|Any CPU.Build.0 = Debug|Any CPU
		{EE2C85F3-B7E2-4E59-A2B8-57A79233C202}.Release|Any CPU.ActiveCfg = Release|Any CPU
		{EE2C85F3-B7E2-4E59-A2B8-57A79233C202}.Release|Any CPU.Build.0 = Release|Any CPU
	EndGlobalSection
	GlobalSection(SolutionProperties) = preSolution
		HideSolutionNode = FALSE
	EndGlobalSection
	GlobalSection(ExtensibilityGlobals) = postSolution
		SolutionGuid = {A453974D-0356-460C-9BB3-FDC1C495D38D}
	EndGlobalSection
EndGlobal
